
Microsoft Visual Studio Solution File, Format Version 12.00
# Visual Studio Version 17
VisualStudioVersion = 17.0.31903.59
MinimumVisualStudioVersion = 10.0.40219.1
Project("{FAE04EC0-301F-11D3-BF4B-00C04F79EFBC}") = "DAL", "DAL\DAL.csproj", "{29CA3E4B-FFD4-46F4-B46A-D8E1677722F5}"
EndProject
Project("{FAE04EC0-301F-11D3-BF4B-00C04F79EFBC}") = "BLL", "BLL\BLL.csproj", "{8A38150A-EEA4-4544-BD2D-3EC87A22CDB9}"
EndProject
Project("{FAE04EC0-301F-11D3-BF4B-00C04F79EFBC}") = "BOL", "BOL\BOL.csproj", "{DAB5A39E-3D9D-48BC-BFAD-61F6E4F9AD43}"
EndProject
Global
	GlobalSection(SolutionConfigurationPlatforms) = preSolution
		Debug|Any CPU = Debug|Any CPU
		Release|Any CPU = Release|Any CPU
	EndGlobalSection
	GlobalSection(SolutionProperties) = preSolution
		HideSolutionNode = FALSE
	EndGlobalSection
	GlobalSection(ProjectConfigurationPlatforms) = postSolution
		{29CA3E4B-FFD4-46F4-B46A-D8E1677722F5}.Debug|Any CPU.ActiveCfg = Debug|Any CPU
		{29CA3E4B-FFD4-46F4-B46A-D8E1677722F5}.Debug|Any CPU.Build.0 = Debug|Any CPU
		{29CA3E4B-FFD4-46F4-B46A-D8E1677722F5}.Release|Any CPU.ActiveCfg = Release|Any CPU
		{29CA3E4B-FFD4-46F4-B46A-D8E1677722F5}.Release|Any CPU.Build.0 = Release|Any CPU
		{8A38150A-EEA4-4544-BD2D-3EC87A22CDB9}.Debug|Any CPU.ActiveCfg = Debug|Any CPU
		{8A38150A-EEA4-4544-BD2D-3EC87A22CDB9}.Debug|Any CPU.Build.0 = Debug|Any CPU
		{8A38150A-EEA4-4544-BD2D-3EC87A22CDB9}.Release|Any CPU.ActiveCfg = Release|Any CPU
		{8A38150A-EEA4-4544-BD2D-3EC87A22CDB9}.Release|Any CPU.Build.0 = Release|Any CPU
		{DAB5A39E-3D9D-48BC-BFAD-61F6E4F9AD43}.Debug|Any CPU.ActiveCfg = Debug|Any CPU
		{DAB5A39E-3D9D-48BC-BFAD-61F6E4F9AD43}.Debug|Any CPU.Build.0 = Debug|Any CPU
		{DAB5A39E-3D9D-48BC-BFAD-61F6E4F9AD43}.Release|Any CPU.ActiveCfg = Release|Any CPU
		{DAB5A39E-3D9D-48BC-BFAD-61F6E4F9AD43}.Release|Any CPU.Build.0 = Release|Any CPU
	EndGlobalSection
EndGlobal
